
Microsoft Visual Studio Solution File, Format Version 12.00
# Visual Studio 15
VisualStudioVersion = 15.0.28010.2046
MinimumVisualStudioVersion = 10.0.40219.1
Project("{9A19103F-16F7-4668-BE54-9A1E7A4F7556}") = "FSharp.Data.AgensGraph.Samples.Replication", "FSharp.Data.AgensGraph.Samples.Replication\FSharp.Data.AgensGraph.Samples.Replication.csproj", "{E1C7C3C9-375B-481E-BA4B-38307BDB1C55}"
EndProject
Project("{2150E333-8FDC-42A3-9474-1A3956D46DE8}") = "scripts", "scripts", "{A501DE58-9CFA-4545-A47C-A241B025D667}"
	ProjectSection(SolutionItems) = preProject
		driver.fsx = driver.fsx
		mutations.fsx = mutations.fsx
		northwind.fsx = northwind.fsx
		samples.fsx = samples.fsx
		start-northwind-db.bat = start-northwind-db.bat
		start-pgadmin.bat = start-pgadmin.bat
	EndProjectSection
EndProject
Project("{2150E333-8FDC-42A3-9474-1A3956D46DE8}") = ".paket", ".paket", "{473566AA-1B3A-4F7B-AD62-5FC4A59ABF1B}"
	ProjectSection(SolutionItems) = preProject
		paket.dependencies = paket.dependencies
	EndProjectSection
EndProject
Project("{2150E333-8FDC-42A3-9474-1A3956D46DE8}") = "docs", "docs", "{758711C7-395C-4049-AB16-3C531FBBB5F8}"
	ProjectSection(SolutionItems) = preProject
		README.md = README.md
	EndProjectSection
EndProject
Global
	GlobalSection(SolutionConfigurationPlatforms) = preSolution
		Debug|Any CPU = Debug|Any CPU
		Release|Any CPU = Release|Any CPU
	EndGlobalSection
	GlobalSection(ProjectConfigurationPlatforms) = postSolution
		{E1C7C3C9-375B-481E-BA4B-38307BDB1C55}.Debug|Any CPU.ActiveCfg = Debug|Any CPU
		{E1C7C3C9-375B-481E-BA4B-38307BDB1C55}.Debug|Any CPU.Build.0 = Debug|Any CPU
		{E1C7C3C9-375B-481E-BA4B-38307BDB1C55}.Release|Any CPU.ActiveCfg = Release|Any CPU
		{E1C7C3C9-375B-481E-BA4B-38307BDB1C55}.Release|Any CPU.Build.0 = Release|Any CPU
	EndGlobalSection
	GlobalSection(SolutionProperties) = preSolution
		HideSolutionNode = FALSE
	EndGlobalSection
	GlobalSection(ExtensibilityGlobals) = postSolution
		SolutionGuid = {1A04C3EA-9F58-46DF-9731-3881CDBC2916}
	EndGlobalSection
EndGlobal
